
Microsoft Visual Studio Solution File, Format Version 12.00
# Visual Studio Version 17
VisualStudioVersion = 17.10.35027.167
MinimumVisualStudioVersion = 10.0.40219.1
Project("{FAE04EC0-301F-11D3-BF4B-00C04F79EFBC}") = "SchoolDb", "SchoolDb\SchoolDb.csproj", "{CA3EE004-B5E0-4DF6-976A-2B66BA23E630}"
EndProject
Global
	GlobalSection(SolutionConfigurationPlatforms) = preSolution
		Debug|Any CPU = Debug|Any CPU
		Release|Any CPU = Release|Any CPU
	EndGlobalSection
	GlobalSection(ProjectConfigurationPlatforms) = postSolution
		{CA3EE004-B5E0-4DF6-976A-2B66BA23E630}.Debug|Any CPU.ActiveCfg = Debug|Any CPU
		{CA3EE004-B5E0-4DF6-976A-2B66BA23E630}.Debug|Any CPU.Build.0 = Debug|Any CPU
		{CA3EE004-B5E0-4DF6-976A-2B66BA23E630}.Release|Any CPU.ActiveCfg = Release|Any CPU
		{CA3EE004-B5E0-4DF6-976A-2B66BA23E630}.Release|Any CPU.Build.0 = Release|Any CPU
	EndGlobalSection
	GlobalSection(SolutionProperties) = preSolution
		HideSolutionNode = FALSE
	EndGlobalSection
	GlobalSection(ExtensibilityGlobals) = postSolution
		SolutionGuid = {5105D4A7-93E4-42C4-BAA1-F3A615790396}
	EndGlobalSection
EndGlobal
